
Microsoft Visual Studio Solution File, Format Version 12.00
# Visual Studio Version 17
VisualStudioVersion = 17.3.32929.385
MinimumVisualStudioVersion = 10.0.40219.1
Project("{FAE04EC0-301F-11D3-BF4B-00C04F79EFBC}") = "TP03APP", "TP03APP.csproj", "{4D0133A3-2163-4CED-9D67-1EFBF35DDE3D}"
EndProject
Global
	GlobalSection(SolutionConfigurationPlatforms) = preSolution
		Debug|Any CPU = Debug|Any CPU
		Release|Any CPU = Release|Any CPU
	EndGlobalSection
	GlobalSection(ProjectConfigurationPlatforms) = postSolution
		{4D0133A3-2163-4CED-9D67-1EFBF35DDE3D}.Debug|Any CPU.ActiveCfg = Debug|Any CPU
		{4D0133A3-2163-4CED-9D67-1EFBF35DDE3D}.Debug|Any CPU.Build.0 = Debug|Any CPU
		{4D0133A3-2163-4CED-9D67-1EFBF35DDE3D}.Release|Any CPU.ActiveCfg = Release|Any CPU
		{4D0133A3-2163-4CED-9D67-1EFBF35DDE3D}.Release|Any CPU.Build.0 = Release|Any CPU
	EndGlobalSection
	GlobalSection(SolutionProperties) = preSolution
		HideSolutionNode = FALSE
	EndGlobalSection
	GlobalSection(ExtensibilityGlobals) = postSolution
		SolutionGuid = {29456514-0B29-4E40-96AD-C0D1EFB10FD4}
	EndGlobalSection
EndGlobal
